<?xml version="1.0" encoding="UTF-8"?>
<Scheme
   version = "1.3">
   <BuildAction>
      <BuildActionEntries>
         <BuildActionEntry
            buildForRunning = "YES">
            <BuildableReference
               BuildableIdentifier = "primary"
               BlueprintIdentifier = "60B8D4142653DC0700B211AF"
               BuildableName = "swift_movie_app.app"
               BlueprintName = "swift_movie_app"
               ReferencedContainer = "container:swift_movie_app.xcodeproj">
            </BuildableReference>
         </BuildActionEntry>
      </BuildActionEntries>
   </BuildAction>
   <LaunchAction
      useCustomWorkingDirectory = "NO"
      buildConfiguration = "Debug"
      allowLocationSimulation = "YES">
      <BuildableProductRunnable>
         <BuildableReference
            BuildableIdentifier = "primary"
            BlueprintIdentifier = "60B8D4142653DC0700B211AF"
            BuildableName = "swift_movie_app.app"
            BlueprintName = "swift_movie_app"
            ReferencedContainer = "container:swift_movie_app.xcodeproj">
         </BuildableReference>
      </BuildableProductRunnable>
   </LaunchAction>
</Scheme>
